
Microsoft Visual Studio Solution File, Format Version 12.00
# Visual Studio Version 16
VisualStudioVersion = 16.0.29020.237
MinimumVisualStudioVersion = 10.0.40219.1
Project("{8BC9CEB8-8B4A-11D0-8D11-00A0C91BC942}") = "testgit", "testgit\testgit.vcxproj", "{AE8907D1-2DA9-490F-B84F-AF5087A9231C}"
EndProject
Global
	GlobalSection(SolutionConfigurationPlatforms) = preSolution
		Debug|x64 = Debug|x64
		Debug|x86 = Debug|x86
		Release|x64 = Release|x64
		Release|x86 = Release|x86
	EndGlobalSection
	GlobalSection(ProjectConfigurationPlatforms) = postSolution
		{AE8907D1-2DA9-490F-B84F-AF5087A9231C}.Debug|x64.ActiveCfg = Debug|x64
		{AE8907D1-2DA9-490F-B84F-AF5087A9231C}.Debug|x64.Build.0 = Debug|x64
		{AE8907D1-2DA9-490F-B84F-AF5087A9231C}.Debug|x86.ActiveCfg = Debug|Win32
		{AE8907D1-2DA9-490F-B84F-AF5087A9231C}.Debug|x86.Build.0 = Debug|Win32
		{AE8907D1-2DA9-490F-B84F-AF5087A9231C}.Release|x64.ActiveCfg = Release|x64
		{AE8907D1-2DA9-490F-B84F-AF5087A9231C}.Release|x64.Build.0 = Release|x64
		{AE8907D1-2DA9-490F-B84F-AF5087A9231C}.Release|x86.ActiveCfg = Release|Win32
		{AE8907D1-2DA9-490F-B84F-AF5087A9231C}.Release|x86.Build.0 = Release|Win32
	EndGlobalSection
	GlobalSection(SolutionProperties) = preSolution
		HideSolutionNode = FALSE
	EndGlobalSection
	GlobalSection(ExtensibilityGlobals) = postSolution
		SolutionGuid = {6AFD6B9D-614F-494B-A602-DDB46A85C091}
	EndGlobalSection
EndGlobal
